
Microsoft Visual Studio Solution File, Format Version 12.00
# Visual Studio 14
VisualStudioVersion = 14.0.24720.0
MinimumVisualStudioVersion = 10.0.40219.1
Project("{FAE04EC0-301F-11D3-BF4B-00C04F79EFBC}") = "Fibonacci", "Fibonacci\Fibonacci.csproj", "{7706F03E-7A58-41A8-BD1F-CFF55DED28E7}"
EndProject
Project("{FAE04EC0-301F-11D3-BF4B-00C04F79EFBC}") = "MiddleLayer", "MiddleLayer\MiddleLayer.csproj", "{F88D9D90-A2B2-4690-BBB9-04CFB5902D16}"
EndProject
Project("{FAE04EC0-301F-11D3-BF4B-00C04F79EFBC}") = "TestProj", "TestProj\TestProj.csproj", "{44017E05-EDEA-43B6-8BE5-FC9F2755D33C}"
EndProject
Global
	GlobalSection(SolutionConfigurationPlatforms) = preSolution
		Debug|Any CPU = Debug|Any CPU
		Debug|x86 = Debug|x86
		Release|Any CPU = Release|Any CPU
		Release|x86 = Release|x86
	EndGlobalSection
	GlobalSection(ProjectConfigurationPlatforms) = postSolution
		{7706F03E-7A58-41A8-BD1F-CFF55DED28E7}.Debug|Any CPU.ActiveCfg = Debug|Any CPU
		{7706F03E-7A58-41A8-BD1F-CFF55DED28E7}.Debug|Any CPU.Build.0 = Debug|Any CPU
		{7706F03E-7A58-41A8-BD1F-CFF55DED28E7}.Debug|x86.ActiveCfg = Debug|Any CPU
		{7706F03E-7A58-41A8-BD1F-CFF55DED28E7}.Debug|x86.Build.0 = Debug|Any CPU
		{7706F03E-7A58-41A8-BD1F-CFF55DED28E7}.Release|Any CPU.ActiveCfg = Release|Any CPU
		{7706F03E-7A58-41A8-BD1F-CFF55DED28E7}.Release|Any CPU.Build.0 = Release|Any CPU
		{7706F03E-7A58-41A8-BD1F-CFF55DED28E7}.Release|x86.ActiveCfg = Release|Any CPU
		{7706F03E-7A58-41A8-BD1F-CFF55DED28E7}.Release|x86.Build.0 = Release|Any CPU
		{F88D9D90-A2B2-4690-BBB9-04CFB5902D16}.Debug|Any CPU.ActiveCfg = Debug|Any CPU
		{F88D9D90-A2B2-4690-BBB9-04CFB5902D16}.Debug|Any CPU.Build.0 = Debug|Any CPU
		{F88D9D90-A2B2-4690-BBB9-04CFB5902D16}.Debug|x86.ActiveCfg = Debug|Any CPU
		{F88D9D90-A2B2-4690-BBB9-04CFB5902D16}.Debug|x86.Build.0 = Debug|Any CPU
		{F88D9D90-A2B2-4690-BBB9-04CFB5902D16}.Release|Any CPU.ActiveCfg = Release|Any CPU
		{F88D9D90-A2B2-4690-BBB9-04CFB5902D16}.Release|Any CPU.Build.0 = Release|Any CPU
		{F88D9D90-A2B2-4690-BBB9-04CFB5902D16}.Release|x86.ActiveCfg = Release|Any CPU
		{F88D9D90-A2B2-4690-BBB9-04CFB5902D16}.Release|x86.Build.0 = Release|Any CPU
		{44017E05-EDEA-43B6-8BE5-FC9F2755D33C}.Debug|Any CPU.ActiveCfg = Debug|Any CPU
		{44017E05-EDEA-43B6-8BE5-FC9F2755D33C}.Debug|Any CPU.Build.0 = Debug|Any CPU
		{44017E05-EDEA-43B6-8BE5-FC9F2755D33C}.Debug|x86.ActiveCfg = Debug|Any CPU
		{44017E05-EDEA-43B6-8BE5-FC9F2755D33C}.Debug|x86.Build.0 = Debug|Any CPU
		{44017E05-EDEA-43B6-8BE5-FC9F2755D33C}.Release|Any CPU.ActiveCfg = Release|Any CPU
		{44017E05-EDEA-43B6-8BE5-FC9F2755D33C}.Release|Any CPU.Build.0 = Release|Any CPU
		{44017E05-EDEA-43B6-8BE5-FC9F2755D33C}.Release|x86.ActiveCfg = Release|Any CPU
		{44017E05-EDEA-43B6-8BE5-FC9F2755D33C}.Release|x86.Build.0 = Release|Any CPU
	EndGlobalSection
	GlobalSection(SolutionProperties) = preSolution
		HideSolutionNode = FALSE
	EndGlobalSection
EndGlobal
